
Microsoft Visual Studio Solution File, Format Version 12.00
# Visual Studio Version 16
VisualStudioVersion = 16.0.30907.101
MinimumVisualStudioVersion = 10.0.40219.1
Project("{2150E333-8FDC-42A3-9474-1A3956D46DE8}") = "src", "src", "{B39E9637-A150-4644-BA3E-B673DA48CBF9}"
EndProject
Project("{2150E333-8FDC-42A3-9474-1A3956D46DE8}") = "Libraries", "Libraries", "{78741A98-CDF7-4B12-9ECA-B32858394BC4}"
EndProject
Project("{2150E333-8FDC-42A3-9474-1A3956D46DE8}") = "Presentations", "Presentations", "{23C9CF6B-2F24-497F-936D-BA7A9894C9A5}"
EndProject
Project("{9A19103F-16F7-4668-BE54-9A1E7A4F7556}") = "Models", "Libraries\Models\Models.csproj", "{B9BCA152-5497-4304-8EEA-D7C1DB9E3DBA}"
EndProject
Project("{9A19103F-16F7-4668-BE54-9A1E7A4F7556}") = "ClientMVC", "Presentations\ClientMVC\ClientMVC.csproj", "{5510AF4E-41DB-4C9C-951B-E9B8E53E4E74}"
EndProject
Project("{9A19103F-16F7-4668-BE54-9A1E7A4F7556}") = "CmsApi", "Presentations\CmsApi\CmsApi.csproj", "{9F76919C-C5D5-444B-AC60-C3C76BF66607}"
EndProject
Project("{9A19103F-16F7-4668-BE54-9A1E7A4F7556}") = "Services", "Libraries\Services\Services.csproj", "{4B57EC13-5C71-4563-9070-9FAAD9303688}"
EndProject
Project("{9A19103F-16F7-4668-BE54-9A1E7A4F7556}") = "Data", "Libraries\Data\Data.csproj", "{9519AC63-2E81-4FE5-804F-AB5609EC8251}"
EndProject
Project("{9A19103F-16F7-4668-BE54-9A1E7A4F7556}") = "Core", "Libraries\Core\Core.csproj", "{BDCE5284-7D94-44D5-847E-E9C4856B5F28}"
EndProject
Project("{9A19103F-16F7-4668-BE54-9A1E7A4F7556}") = "Caching", "Libraries\Caching\Caching.csproj", "{DEF1091B-529A-4DB0-B40B-59E9BC5AC717}"
EndProject
Global
	GlobalSection(SolutionConfigurationPlatforms) = preSolution
		Debug|Any CPU = Debug|Any CPU
		Release|Any CPU = Release|Any CPU
	EndGlobalSection
	GlobalSection(ProjectConfigurationPlatforms) = postSolution
		{B9BCA152-5497-4304-8EEA-D7C1DB9E3DBA}.Debug|Any CPU.ActiveCfg = Debug|Any CPU
		{B9BCA152-5497-4304-8EEA-D7C1DB9E3DBA}.Debug|Any CPU.Build.0 = Debug|Any CPU
		{B9BCA152-5497-4304-8EEA-D7C1DB9E3DBA}.Release|Any CPU.ActiveCfg = Release|Any CPU
		{B9BCA152-5497-4304-8EEA-D7C1DB9E3DBA}.Release|Any CPU.Build.0 = Release|Any CPU
		{5510AF4E-41DB-4C9C-951B-E9B8E53E4E74}.Debug|Any CPU.ActiveCfg = Debug|Any CPU
		{5510AF4E-41DB-4C9C-951B-E9B8E53E4E74}.Debug|Any CPU.Build.0 = Debug|Any CPU
		{5510AF4E-41DB-4C9C-951B-E9B8E53E4E74}.Release|Any CPU.ActiveCfg = Release|Any CPU
		{5510AF4E-41DB-4C9C-951B-E9B8E53E4E74}.Release|Any CPU.Build.0 = Release|Any CPU
		{9F76919C-C5D5-444B-AC60-C3C76BF66607}.Debug|Any CPU.ActiveCfg = Debug|Any CPU
		{9F76919C-C5D5-444B-AC60-C3C76BF66607}.Debug|Any CPU.Build.0 = Debug|Any CPU
		{9F76919C-C5D5-444B-AC60-C3C76BF66607}.Release|Any CPU.ActiveCfg = Release|Any CPU
		{9F76919C-C5D5-444B-AC60-C3C76BF66607}.Release|Any CPU.Build.0 = Release|Any CPU
		{4B57EC13-5C71-4563-9070-9FAAD9303688}.Debug|Any CPU.ActiveCfg = Debug|Any CPU
		{4B57EC13-5C71-4563-9070-9FAAD9303688}.Debug|Any CPU.Build.0 = Debug|Any CPU
		{4B57EC13-5C71-4563-9070-9FAAD9303688}.Release|Any CPU.ActiveCfg = Release|Any CPU
		{4B57EC13-5C71-4563-9070-9FAAD9303688}.Release|Any CPU.Build.0 = Release|Any CPU
		{9519AC63-2E81-4FE5-804F-AB5609EC8251}.Debug|Any CPU.ActiveCfg = Debug|Any CPU
		{9519AC63-2E81-4FE5-804F-AB5609EC8251}.Debug|Any CPU.Build.0 = Debug|Any CPU
		{9519AC63-2E81-4FE5-804F-AB5609EC8251}.Release|Any CPU.ActiveCfg = Release|Any CPU
		{9519AC63-2E81-4FE5-804F-AB5609EC8251}.Release|Any CPU.Build.0 = Release|Any CPU
		{BDCE5284-7D94-44D5-847E-E9C4856B5F28}.Debug|Any CPU.ActiveCfg = Debug|Any CPU
		{BDCE5284-7D94-44D5-847E-E9C4856B5F28}.Debug|Any CPU.Build.0 = Debug|Any CPU
		{BDCE5284-7D94-44D5-847E-E9C4856B5F28}.Release|Any CPU.ActiveCfg = Release|Any CPU
		{BDCE5284-7D94-44D5-847E-E9C4856B5F28}.Release|Any CPU.Build.0 = Release|Any CPU
		{DEF1091B-529A-4DB0-B40B-59E9BC5AC717}.Debug|Any CPU.ActiveCfg = Debug|Any CPU
		{DEF1091B-529A-4DB0-B40B-59E9BC5AC717}.Debug|Any CPU.Build.0 = Debug|Any CPU
		{DEF1091B-529A-4DB0-B40B-59E9BC5AC717}.Release|Any CPU.ActiveCfg = Release|Any CPU
		{DEF1091B-529A-4DB0-B40B-59E9BC5AC717}.Release|Any CPU.Build.0 = Release|Any CPU
	EndGlobalSection
	GlobalSection(SolutionProperties) = preSolution
		HideSolutionNode = FALSE
	EndGlobalSection
	GlobalSection(NestedProjects) = preSolution
		{78741A98-CDF7-4B12-9ECA-B32858394BC4} = {B39E9637-A150-4644-BA3E-B673DA48CBF9}
		{23C9CF6B-2F24-497F-936D-BA7A9894C9A5} = {B39E9637-A150-4644-BA3E-B673DA48CBF9}
		{B9BCA152-5497-4304-8EEA-D7C1DB9E3DBA} = {78741A98-CDF7-4B12-9ECA-B32858394BC4}
		{5510AF4E-41DB-4C9C-951B-E9B8E53E4E74} = {23C9CF6B-2F24-497F-936D-BA7A9894C9A5}
		{9F76919C-C5D5-444B-AC60-C3C76BF66607} = {23C9CF6B-2F24-497F-936D-BA7A9894C9A5}
		{4B57EC13-5C71-4563-9070-9FAAD9303688} = {78741A98-CDF7-4B12-9ECA-B32858394BC4}
		{9519AC63-2E81-4FE5-804F-AB5609EC8251} = {78741A98-CDF7-4B12-9ECA-B32858394BC4}
		{BDCE5284-7D94-44D5-847E-E9C4856B5F28} = {78741A98-CDF7-4B12-9ECA-B32858394BC4}
		{DEF1091B-529A-4DB0-B40B-59E9BC5AC717} = {78741A98-CDF7-4B12-9ECA-B32858394BC4}
	EndGlobalSection
	GlobalSection(ExtensibilityGlobals) = postSolution
		SolutionGuid = {A6763274-FC59-46A4-9164-6815C1AD2299}
	EndGlobalSection
EndGlobal
